
Microsoft Visual Studio Solution File, Format Version 11.00
# Visual Studio 2010
# SharpDevelop 4.4
Project("{FD48973F-F585-4F70-812B-4D0503B36CE9}") = "StrInt1", "StrInt1\StrInt1.pyproj", "{392AAE0D-D2AF-4177-A6DA-3B14E70E7C53}"
EndProject
Global
	GlobalSection(SolutionConfigurationPlatforms) = preSolution
		Debug|Any CPU = Debug|Any CPU
		Release|Any CPU = Release|Any CPU
	EndGlobalSection
	GlobalSection(ProjectConfigurationPlatforms) = postSolution
		{392AAE0D-D2AF-4177-A6DA-3B14E70E7C53}.Debug|Any CPU.Build.0 = Debug|Any CPU
		{392AAE0D-D2AF-4177-A6DA-3B14E70E7C53}.Debug|Any CPU.ActiveCfg = Debug|Any CPU
		{392AAE0D-D2AF-4177-A6DA-3B14E70E7C53}.Release|Any CPU.Build.0 = Release|Any CPU
		{392AAE0D-D2AF-4177-A6DA-3B14E70E7C53}.Release|Any CPU.ActiveCfg = Release|Any CPU
	EndGlobalSection
EndGlobal
