
Microsoft Visual Studio Solution File, Format Version 11.00
# Visual Studio 2010
# SharpDevelop 4.4
Project("{FD48973F-F585-4F70-812B-4D0503B36CE9}") = "HELLO", "HELLO\HELLO.pyproj", "{491441B0-F29C-4183-9E46-E1B76ACEF22C}"
EndProject
Global
	GlobalSection(SolutionConfigurationPlatforms) = preSolution
		Debug|Any CPU = Debug|Any CPU
		Release|Any CPU = Release|Any CPU
	EndGlobalSection
	GlobalSection(ProjectConfigurationPlatforms) = postSolution
		{491441B0-F29C-4183-9E46-E1B76ACEF22C}.Debug|Any CPU.Build.0 = Debug|Any CPU
		{491441B0-F29C-4183-9E46-E1B76ACEF22C}.Debug|Any CPU.ActiveCfg = Debug|Any CPU
		{491441B0-F29C-4183-9E46-E1B76ACEF22C}.Release|Any CPU.Build.0 = Release|Any CPU
		{491441B0-F29C-4183-9E46-E1B76ACEF22C}.Release|Any CPU.ActiveCfg = Release|Any CPU
	EndGlobalSection
EndGlobal
