
Microsoft Visual Studio Solution File, Format Version 11.00
# Visual Studio 2010
# SharpDevelop 4.4
Project("{FD48973F-F585-4F70-812B-4D0503B36CE9}") = "Prog54c", "Prog54c\Prog54c.pyproj", "{E71FD971-0F6A-454C-B1E2-471C90D3AC96}"
EndProject
Global
	GlobalSection(SolutionConfigurationPlatforms) = preSolution
		Debug|Any CPU = Debug|Any CPU
		Release|Any CPU = Release|Any CPU
	EndGlobalSection
	GlobalSection(ProjectConfigurationPlatforms) = postSolution
		{E71FD971-0F6A-454C-B1E2-471C90D3AC96}.Debug|Any CPU.Build.0 = Debug|Any CPU
		{E71FD971-0F6A-454C-B1E2-471C90D3AC96}.Debug|Any CPU.ActiveCfg = Debug|Any CPU
		{E71FD971-0F6A-454C-B1E2-471C90D3AC96}.Release|Any CPU.Build.0 = Release|Any CPU
		{E71FD971-0F6A-454C-B1E2-471C90D3AC96}.Release|Any CPU.ActiveCfg = Release|Any CPU
	EndGlobalSection
EndGlobal
