
Microsoft Visual Studio Solution File, Format Version 11.00
# Visual Studio 2010
# SharpDevelop 4.4
Project("{FD48973F-F585-4F70-812B-4D0503B36CE9}") = "Favorite Game", "Favorite Game\Favorite Game.pyproj", "{7F7C6ECA-A458-4624-A205-AEE58F57D5DA}"
EndProject
Global
	GlobalSection(SolutionConfigurationPlatforms) = preSolution
		Debug|Any CPU = Debug|Any CPU
		Release|Any CPU = Release|Any CPU
	EndGlobalSection
	GlobalSection(ProjectConfigurationPlatforms) = postSolution
		{7F7C6ECA-A458-4624-A205-AEE58F57D5DA}.Debug|Any CPU.Build.0 = Debug|Any CPU
		{7F7C6ECA-A458-4624-A205-AEE58F57D5DA}.Debug|Any CPU.ActiveCfg = Debug|Any CPU
		{7F7C6ECA-A458-4624-A205-AEE58F57D5DA}.Release|Any CPU.Build.0 = Release|Any CPU
		{7F7C6ECA-A458-4624-A205-AEE58F57D5DA}.Release|Any CPU.ActiveCfg = Release|Any CPU
	EndGlobalSection
EndGlobal
