
Microsoft Visual Studio Solution File, Format Version 11.00
# Visual Studio 2010
# SharpDevelop 4.4
Project("{FD48973F-F585-4F70-812B-4D0503B36CE9}") = "Prog122bFor", "Prog122bFor\Prog122bFor.pyproj", "{49EFEA70-B569-48FE-BAAA-B1279C3C642A}"
EndProject
Global
	GlobalSection(SolutionConfigurationPlatforms) = preSolution
		Debug|Any CPU = Debug|Any CPU
		Release|Any CPU = Release|Any CPU
	EndGlobalSection
	GlobalSection(ProjectConfigurationPlatforms) = postSolution
		{49EFEA70-B569-48FE-BAAA-B1279C3C642A}.Debug|Any CPU.Build.0 = Debug|Any CPU
		{49EFEA70-B569-48FE-BAAA-B1279C3C642A}.Debug|Any CPU.ActiveCfg = Debug|Any CPU
		{49EFEA70-B569-48FE-BAAA-B1279C3C642A}.Release|Any CPU.Build.0 = Release|Any CPU
		{49EFEA70-B569-48FE-BAAA-B1279C3C642A}.Release|Any CPU.ActiveCfg = Release|Any CPU
	EndGlobalSection
EndGlobal
